
Microsoft Visual Studio Solution File, Format Version 12.00
# Visual Studio Version 16
VisualStudioVersion = 16.0.29806.167
MinimumVisualStudioVersion = 10.0.40219.1
Project("{FAE04EC0-301F-11D3-BF4B-00C04F79EFBC}") = "Optica", "Optica\Optica.csproj", "{A5767B76-46C6-400A-A48D-02BBE3D4D07B}"
EndProject
Project("{54435603-DBB4-11D2-8724-00A0C9A8B90C}") = "Focalli", "Optica\Installer\Focalli\Focalli.vdproj", "{4F8A8BBD-FF63-4DC2-A2F9-2EA2F63708B8}"
EndProject
Global
	GlobalSection(SolutionConfigurationPlatforms) = preSolution
		Debug|Any CPU = Debug|Any CPU
		Debug|x64 = Debug|x64
		Debug|x86 = Debug|x86
		Release|Any CPU = Release|Any CPU
		Release|x64 = Release|x64
		Release|x86 = Release|x86
	EndGlobalSection
	GlobalSection(ProjectConfigurationPlatforms) = postSolution
		{A5767B76-46C6-400A-A48D-02BBE3D4D07B}.Debug|Any CPU.ActiveCfg = Debug|Any CPU
		{A5767B76-46C6-400A-A48D-02BBE3D4D07B}.Debug|Any CPU.Build.0 = Debug|Any CPU
		{A5767B76-46C6-400A-A48D-02BBE3D4D07B}.Debug|x64.ActiveCfg = Debug|x64
		{A5767B76-46C6-400A-A48D-02BBE3D4D07B}.Debug|x64.Build.0 = Debug|x64
		{A5767B76-46C6-400A-A48D-02BBE3D4D07B}.Debug|x86.ActiveCfg = Debug|x86
		{A5767B76-46C6-400A-A48D-02BBE3D4D07B}.Debug|x86.Build.0 = Debug|x86
		{A5767B76-46C6-400A-A48D-02BBE3D4D07B}.Release|Any CPU.ActiveCfg = Release|Any CPU
		{A5767B76-46C6-400A-A48D-02BBE3D4D07B}.Release|Any CPU.Build.0 = Release|Any CPU
		{A5767B76-46C6-400A-A48D-02BBE3D4D07B}.Release|x64.ActiveCfg = Release|x64
		{A5767B76-46C6-400A-A48D-02BBE3D4D07B}.Release|x64.Build.0 = Release|x64
		{A5767B76-46C6-400A-A48D-02BBE3D4D07B}.Release|x86.ActiveCfg = Release|x86
		{A5767B76-46C6-400A-A48D-02BBE3D4D07B}.Release|x86.Build.0 = Release|x86
		{4F8A8BBD-FF63-4DC2-A2F9-2EA2F63708B8}.Debug|Any CPU.ActiveCfg = Debug
		{4F8A8BBD-FF63-4DC2-A2F9-2EA2F63708B8}.Debug|x64.ActiveCfg = Debug
		{4F8A8BBD-FF63-4DC2-A2F9-2EA2F63708B8}.Debug|x86.ActiveCfg = Debug
		{4F8A8BBD-FF63-4DC2-A2F9-2EA2F63708B8}.Release|Any CPU.ActiveCfg = Release
		{4F8A8BBD-FF63-4DC2-A2F9-2EA2F63708B8}.Release|x64.ActiveCfg = Release
		{4F8A8BBD-FF63-4DC2-A2F9-2EA2F63708B8}.Release|x86.ActiveCfg = Release
	EndGlobalSection
	GlobalSection(SolutionProperties) = preSolution
		HideSolutionNode = FALSE
	EndGlobalSection
	GlobalSection(ExtensibilityGlobals) = postSolution
		SolutionGuid = {67E51877-3327-4590-A5A1-203799D0C029}
	EndGlobalSection
EndGlobal
